
Microsoft Visual Studio Solution File, Format Version 12.00
# Visual Studio Version 16
VisualStudioVersion = 16.0.31702.278
MinimumVisualStudioVersion = 10.0.40219.1
Project("{FAE04EC0-301F-11D3-BF4B-00C04F79EFBC}") = "revistaApi", "revistaApi\revistaApi.csproj", "{6921D07C-08D4-4C0C-B6BB-AB4B97A2CED2}"
EndProject
Global
	GlobalSection(SolutionConfigurationPlatforms) = preSolution
		Debug|Any CPU = Debug|Any CPU
		Release|Any CPU = Release|Any CPU
	EndGlobalSection
	GlobalSection(ProjectConfigurationPlatforms) = postSolution
		{6921D07C-08D4-4C0C-B6BB-AB4B97A2CED2}.Debug|Any CPU.ActiveCfg = Debug|Any CPU
		{6921D07C-08D4-4C0C-B6BB-AB4B97A2CED2}.Debug|Any CPU.Build.0 = Debug|Any CPU
		{6921D07C-08D4-4C0C-B6BB-AB4B97A2CED2}.Release|Any CPU.ActiveCfg = Release|Any CPU
		{6921D07C-08D4-4C0C-B6BB-AB4B97A2CED2}.Release|Any CPU.Build.0 = Release|Any CPU
	EndGlobalSection
	GlobalSection(SolutionProperties) = preSolution
		HideSolutionNode = FALSE
	EndGlobalSection
	GlobalSection(ExtensibilityGlobals) = postSolution
		SolutionGuid = {11D8EBC4-887E-4C3E-9362-5003C6DDCBC0}
	EndGlobalSection
EndGlobal
